
Microsoft Visual Studio Solution File, Format Version 12.00
# Visual Studio Version 17
VisualStudioVersion = 17.5.33530.505
MinimumVisualStudioVersion = 10.0.40219.1
Project("{FAE04EC0-301F-11D3-BF4B-00C04F79EFBC}") = "OfficeWeb", "OfficeWeb\OfficeWeb.csproj", "{F57383A0-D0DB-4AE8-9F61-0124DF837BD2}"
EndProject
Global
	GlobalSection(SolutionConfigurationPlatforms) = preSolution
		Debug|Any CPU = Debug|Any CPU
		Release|Any CPU = Release|Any CPU
	EndGlobalSection
	GlobalSection(ProjectConfigurationPlatforms) = postSolution
		{F57383A0-D0DB-4AE8-9F61-0124DF837BD2}.Debug|Any CPU.ActiveCfg = Debug|Any CPU
		{F57383A0-D0DB-4AE8-9F61-0124DF837BD2}.Debug|Any CPU.Build.0 = Debug|Any CPU
		{F57383A0-D0DB-4AE8-9F61-0124DF837BD2}.Release|Any CPU.ActiveCfg = Release|Any CPU
		{F57383A0-D0DB-4AE8-9F61-0124DF837BD2}.Release|Any CPU.Build.0 = Release|Any CPU
	EndGlobalSection
	GlobalSection(SolutionProperties) = preSolution
		HideSolutionNode = FALSE
	EndGlobalSection
	GlobalSection(ExtensibilityGlobals) = postSolution
		SolutionGuid = {9D256522-00E1-41FB-B321-39692AF1014F}
	EndGlobalSection
EndGlobal
